
Microsoft Visual Studio Solution File, Format Version 12.00
# Visual Studio Version 17
VisualStudioVersion = 17.0.31903.59
MinimumVisualStudioVersion = 10.0.40219.1
Project("{2150E333-8FDC-42A3-9474-1A3956D46DE8}") = "src", "src", "{827E0CD3-B72D-47B6-A68D-7590B98EB39B}"
EndProject
Project("{2150E333-8FDC-42A3-9474-1A3956D46DE8}") = "Core", "Core", "{8D626EA8-CB54-BC41-363A-217881BEBA6E}"
EndProject
Project("{F2A71F9B-5D33-465A-A702-920D77279786}") = "CloudEdge.Core", "src\Core\CloudEdge.Core\CloudEdge.Core.fsproj", "{DB7904B5-2CD1-494F-A03E-87466B449328}"
EndProject
Project("{2150E333-8FDC-42A3-9474-1A3956D46DE8}") = "Runtime", "Runtime", "{09108480-725A-3CF3-E626-E2F33F0A58E4}"
EndProject
Project("{F2A71F9B-5D33-465A-A702-920D77279786}") = "CloudEdge.AI", "src\Runtime\CloudEdge.AI\CloudEdge.AI.fsproj", "{259DBA36-9C1B-4164-AB04-A29EFE6B4064}"
EndProject
Project("{F2A71F9B-5D33-465A-A702-920D77279786}") = "CloudEdge.Worker.Context", "src\Runtime\CloudEdge.Worker.Context\CloudEdge.Worker.Context.fsproj", "{F0F2659A-EDAE-468E-BD60-6BEE2FF9E34D}"
EndProject
Project("{2150E333-8FDC-42A3-9474-1A3956D46DE8}") = "Management", "Management", "{F3244B3D-53C5-18F9-F232-08909C1DCBB5}"
EndProject
Project("{F2A71F9B-5D33-465A-A702-920D77279786}") = "CloudEdge.Management.R2", "src\Management\CloudEdge.Management.R2\CloudEdge.Management.R2.fsproj", "{8B0B34FC-FFE3-4119-A032-C51CBDD6D6BF}"
EndProject
Project("{F2A71F9B-5D33-465A-A702-920D77279786}") = "CloudEdge.Management.D1", "src\Management\CloudEdge.Management.D1\CloudEdge.Management.D1.fsproj", "{1A1D8619-8623-492F-B5B3-E4CBD9969360}"
EndProject
Project("{F2A71F9B-5D33-465A-A702-920D77279786}") = "CloudEdge.Management.Analytics", "src\Management\CloudEdge.Management.Analytics\CloudEdge.Management.Analytics.fsproj", "{AF6E0738-7324-4CA0-807A-A8E4564564EA}"
EndProject
Project("{F2A71F9B-5D33-465A-A702-920D77279786}") = "CloudEdge.Queues", "src\Runtime\CloudEdge.Queues\CloudEdge.Queues.fsproj", "{AFBB8E14-C35E-44DF-B1ED-A14C4548E661}"
EndProject
Project("{F2A71F9B-5D33-465A-A702-920D77279786}") = "CloudEdge.Vectorize", "src\Runtime\CloudEdge.Vectorize\CloudEdge.Vectorize.fsproj", "{A428412B-FB17-476D-AA80-632FD34A213E}"
EndProject
Project("{F2A71F9B-5D33-465A-A702-920D77279786}") = "CloudEdge.Hyperdrive", "src\Runtime\CloudEdge.Hyperdrive\CloudEdge.Hyperdrive.fsproj", "{03681B30-CA6D-493D-8319-76E6C4DFB061}"
EndProject
Project("{F2A71F9B-5D33-465A-A702-920D77279786}") = "CloudEdge.DurableObjects", "src\Runtime\CloudEdge.DurableObjects\CloudEdge.DurableObjects.fsproj", "{2DE0B4C6-0DBD-4BF3-A3DD-36F40FC55794}"
EndProject
Project("{F2A71F9B-5D33-465A-A702-920D77279786}") = "CloudEdge.Management.Queues", "src\Management\CloudEdge.Management.Queues\CloudEdge.Management.Queues.fsproj", "{5038D932-BCD0-43E3-ADCB-1DCA137E4CF8}"
EndProject
Project("{F2A71F9B-5D33-465A-A702-920D77279786}") = "CloudEdge.Management.Vectorize", "src\Management\CloudEdge.Management.Vectorize\CloudEdge.Management.Vectorize.fsproj", "{4C179833-8256-44F1-9D8E-E4479FAF70B0}"
EndProject
Project("{F2A71F9B-5D33-465A-A702-920D77279786}") = "CloudEdge.Management.Hyperdrive", "src\Management\CloudEdge.Management.Hyperdrive\CloudEdge.Management.Hyperdrive.fsproj", "{694B6EA7-155D-4BB4-A538-2D1C5AC0F980}"
EndProject
Project("{F2A71F9B-5D33-465A-A702-920D77279786}") = "CloudEdge.Management.DurableObjects", "src\Management\CloudEdge.Management.DurableObjects\CloudEdge.Management.DurableObjects.fsproj", "{2870A75E-A9BB-45E0-97C4-2F8415800FF5}"
EndProject
Project("{2150E333-8FDC-42A3-9474-1A3956D46DE8}") = "tests", "tests", "{0AB3BF05-4346-4AA6-1389-037BE0695223}"
EndProject
Project("{F2A71F9B-5D33-465A-A702-920D77279786}") = "CloudEdge.Tests", "tests\CloudEdge.Tests\CloudEdge.Tests.fsproj", "{D880DB3B-AE14-4B21-AA91-3F56DD30334D}"
EndProject
Project("{F2A71F9B-5D33-465A-A702-920D77279786}") = "CloudEdge.D1", "src\Runtime\CloudEdge.D1\CloudEdge.D1.fsproj", "{846705A6-0ADE-438E-A9E1-0BB6B26519EC}"
EndProject
Project("{F2A71F9B-5D33-465A-A702-920D77279786}") = "CloudEdge.R2", "src\Runtime\CloudEdge.R2\CloudEdge.R2.fsproj", "{130A8BFB-4A9D-4934-9E59-C4CAF4FE0C7E}"
EndProject
Project("{F2A71F9B-5D33-465A-A702-920D77279786}") = "CloudEdge.KV", "src\Runtime\CloudEdge.KV\CloudEdge.KV.fsproj", "{02D52813-5D6D-4F24-B84B-8DFCAC2F7597}"
EndProject
Project("{F2A71F9B-5D33-465A-A702-920D77279786}") = "CloudEdge.Management.Workers", "src\Management\CloudEdge.Management.Workers\CloudEdge.Management.Workers.fsproj", "{7D8B790D-6AA3-4B4B-9EFC-B84E25AD1557}"
EndProject
Project("{F2A71F9B-5D33-465A-A702-920D77279786}") = "CloudEdge.Management.Pages", "src\Management\CloudEdge.Management.Pages\CloudEdge.Management.Pages.fsproj", "{2B9AAC2F-DAA7-4E6D-BA2C-3CF664B5180F}"
EndProject
Project("{F2A71F9B-5D33-465A-A702-920D77279786}") = "CloudEdge.Management.KV", "src\Management\CloudEdge.Management.KV\CloudEdge.Management.KV.fsproj", "{32FE591E-5F6E-4AF1-8047-B96C660C5127}"
EndProject
Project("{F2A71F9B-5D33-465A-A702-920D77279786}") = "CloudEdge.Management.Logs", "src\Management\CloudEdge.Management.Logs\CloudEdge.Management.Logs.fsproj", "{3C5CA4A2-BDEE-4B79-A6D9-3970CCE13655}"
EndProject
Project("{F2A71F9B-5D33-465A-A702-920D77279786}") = "CloudEdge.Management.Access", "src\Management\CloudEdge.Management.Access\CloudEdge.Management.Access.fsproj", "{2745F938-BBE7-5090-890A-E01DE84055EE}"
EndProject
Project("{F2A71F9B-5D33-465A-A702-920D77279786}") = "CloudEdge.Management.AI", "src\Management\CloudEdge.Management.AI\CloudEdge.Management.AI.fsproj", "{22F2BC40-58B5-525D-AE5F-EDBEB8A308B0}"
EndProject
Project("{F2A71F9B-5D33-465A-A702-920D77279786}") = "CloudEdge.Management.AIGateway", "src\Management\CloudEdge.Management.AIGateway\CloudEdge.Management.AIGateway.fsproj", "{2CBEB9DE-86BE-550E-9F34-E9F2085C9442}"
EndProject
Project("{F2A71F9B-5D33-465A-A702-920D77279786}") = "CloudEdge.Management.AISearch", "src\Management\CloudEdge.Management.AISearch\CloudEdge.Management.AISearch.fsproj", "{6D26442D-494F-59B5-8F2D-2A72454A8C6B}"
EndProject
Project("{F2A71F9B-5D33-465A-A702-920D77279786}") = "CloudEdge.Management.AutoRAG", "src\Management\CloudEdge.Management.AutoRAG\CloudEdge.Management.AutoRAG.fsproj", "{CC071E59-B7E1-5ED0-BD84-E7AFFCCFF898}"
EndProject
Project("{F2A71F9B-5D33-465A-A702-920D77279786}") = "CloudEdge.Management.BrowserRendering", "src\Management\CloudEdge.Management.BrowserRendering\CloudEdge.Management.BrowserRendering.fsproj", "{C90DFB01-E81A-586B-B516-A9410C120B8A}"
EndProject
Project("{F2A71F9B-5D33-465A-A702-920D77279786}") = "CloudEdge.Management.Calls", "src\Management\CloudEdge.Management.Calls\CloudEdge.Management.Calls.fsproj", "{9C7AD5BD-1B60-5145-8207-19D4FBBA792B}"
EndProject
Project("{F2A71F9B-5D33-465A-A702-920D77279786}") = "CloudEdge.Management.Gateway", "src\Management\CloudEdge.Management.Gateway\CloudEdge.Management.Gateway.fsproj", "{3A5DCAFD-AE7E-5D0A-8042-FF3B160F59E4}"
EndProject
Project("{F2A71F9B-5D33-465A-A702-920D77279786}") = "CloudEdge.Management.Images", "src\Management\CloudEdge.Management.Images\CloudEdge.Management.Images.fsproj", "{0E90277B-6151-553A-8545-EC7118E5E792}"
EndProject
Project("{F2A71F9B-5D33-465A-A702-920D77279786}") = "CloudEdge.Management.LoadBalancers", "src\Management\CloudEdge.Management.LoadBalancers\CloudEdge.Management.LoadBalancers.fsproj", "{63C460A0-4630-5129-AC6D-1393C69411C0}"
EndProject
Project("{F2A71F9B-5D33-465A-A702-920D77279786}") = "CloudEdge.Management.Magic", "src\Management\CloudEdge.Management.Magic\CloudEdge.Management.Magic.fsproj", "{5DF2AD78-9BEC-5D35-B17A-7C7C928AACCB}"
EndProject
Project("{F2A71F9B-5D33-465A-A702-920D77279786}") = "CloudEdge.Management.Pipelines", "src\Management\CloudEdge.Management.Pipelines\CloudEdge.Management.Pipelines.fsproj", "{94887A68-BD67-5D7A-82F4-FE8A1AE21BB3}"
EndProject
Project("{F2A71F9B-5D33-465A-A702-920D77279786}") = "CloudEdge.Management.R2Catalog", "src\Management\CloudEdge.Management.R2Catalog\CloudEdge.Management.R2Catalog.fsproj", "{88426C91-48C6-54DA-BB1B-16614E2998BB}"
EndProject
Project("{F2A71F9B-5D33-465A-A702-920D77279786}") = "CloudEdge.Management.SecretsStore", "src\Management\CloudEdge.Management.SecretsStore\CloudEdge.Management.SecretsStore.fsproj", "{44CF6D98-E7C8-5F9B-9054-90BC64FDC9F0}"
EndProject
Project("{F2A71F9B-5D33-465A-A702-920D77279786}") = "CloudEdge.Management.Stream", "src\Management\CloudEdge.Management.Stream\CloudEdge.Management.Stream.fsproj", "{BA56E42F-28B7-5A1E-92C3-5AF16882145E}"
EndProject
Project("{F2A71F9B-5D33-465A-A702-920D77279786}") = "CloudEdge.Management.Tunnels", "src\Management\CloudEdge.Management.Tunnels\CloudEdge.Management.Tunnels.fsproj", "{4CF5F8B7-3B2A-5192-8876-3176C9EE85DA}"
EndProject
Project("{F2A71F9B-5D33-465A-A702-920D77279786}") = "CloudEdge.Management.WaitingRooms", "src\Management\CloudEdge.Management.WaitingRooms\CloudEdge.Management.WaitingRooms.fsproj", "{258E09CB-65FA-51D2-991C-A579CCD19DCE}"
EndProject
Project("{F2A71F9B-5D33-465A-A702-920D77279786}") = "CloudEdge.Management.Workflows", "src\Management\CloudEdge.Management.Workflows\CloudEdge.Management.Workflows.fsproj", "{C6AF8FFD-645E-57B4-BE9C-F5C423D300A5}"
EndProject
Project("{F2A71F9B-5D33-465A-A702-920D77279786}") = "CloudEdge.Management.Containers", "src\Management\CloudEdge.Management.Containers\CloudEdge.Management.Containers.fsproj", "{F510ADFA-6846-439E-84C6-045D57659324}"
EndProject
Project("{F2A71F9B-5D33-465A-A702-920D77279786}") = "CloudEdge.Management.Email", "src\Management\CloudEdge.Management.Email\CloudEdge.Management.Email.fsproj", "{25844C57-4144-40AE-8085-C62168EF5F8F}"
EndProject
Project("{F2A71F9B-5D33-465A-A702-920D77279786}") = "CloudEdge.Management.Builds", "src\Management\CloudEdge.Management.Builds\CloudEdge.Management.Builds.fsproj", "{BC30833F-B7D9-425F-B10F-E0D44ED455E1}"
EndProject
Global
	GlobalSection(SolutionConfigurationPlatforms) = preSolution
		Debug|Any CPU = Debug|Any CPU
		Debug|x64 = Debug|x64
		Debug|x86 = Debug|x86
		Release|Any CPU = Release|Any CPU
		Release|x64 = Release|x64
		Release|x86 = Release|x86
	EndGlobalSection
	GlobalSection(ProjectConfigurationPlatforms) = postSolution
		{DB7904B5-2CD1-494F-A03E-87466B449328}.Debug|Any CPU.ActiveCfg = Debug|Any CPU
		{DB7904B5-2CD1-494F-A03E-87466B449328}.Debug|Any CPU.Build.0 = Debug|Any CPU
		{DB7904B5-2CD1-494F-A03E-87466B449328}.Debug|x64.ActiveCfg = Debug|Any CPU
		{DB7904B5-2CD1-494F-A03E-87466B449328}.Debug|x64.Build.0 = Debug|Any CPU
		{DB7904B5-2CD1-494F-A03E-87466B449328}.Debug|x86.ActiveCfg = Debug|Any CPU
		{DB7904B5-2CD1-494F-A03E-87466B449328}.Debug|x86.Build.0 = Debug|Any CPU
		{DB7904B5-2CD1-494F-A03E-87466B449328}.Release|Any CPU.ActiveCfg = Release|Any CPU
		{DB7904B5-2CD1-494F-A03E-87466B449328}.Release|Any CPU.Build.0 = Release|Any CPU
		{DB7904B5-2CD1-494F-A03E-87466B449328}.Release|x64.ActiveCfg = Release|Any CPU
		{DB7904B5-2CD1-494F-A03E-87466B449328}.Release|x64.Build.0 = Release|Any CPU
		{DB7904B5-2CD1-494F-A03E-87466B449328}.Release|x86.ActiveCfg = Release|Any CPU
		{DB7904B5-2CD1-494F-A03E-87466B449328}.Release|x86.Build.0 = Release|Any CPU
		{259DBA36-9C1B-4164-AB04-A29EFE6B4064}.Debug|Any CPU.ActiveCfg = Debug|Any CPU
		{259DBA36-9C1B-4164-AB04-A29EFE6B4064}.Debug|Any CPU.Build.0 = Debug|Any CPU
		{259DBA36-9C1B-4164-AB04-A29EFE6B4064}.Debug|x64.ActiveCfg = Debug|Any CPU
		{259DBA36-9C1B-4164-AB04-A29EFE6B4064}.Debug|x64.Build.0 = Debug|Any CPU
		{259DBA36-9C1B-4164-AB04-A29EFE6B4064}.Debug|x86.ActiveCfg = Debug|Any CPU
		{259DBA36-9C1B-4164-AB04-A29EFE6B4064}.Debug|x86.Build.0 = Debug|Any CPU
		{259DBA36-9C1B-4164-AB04-A29EFE6B4064}.Release|Any CPU.ActiveCfg = Release|Any CPU
		{259DBA36-9C1B-4164-AB04-A29EFE6B4064}.Release|Any CPU.Build.0 = Release|Any CPU
		{259DBA36-9C1B-4164-AB04-A29EFE6B4064}.Release|x64.ActiveCfg = Release|Any CPU
		{259DBA36-9C1B-4164-AB04-A29EFE6B4064}.Release|x64.Build.0 = Release|Any CPU
		{259DBA36-9C1B-4164-AB04-A29EFE6B4064}.Release|x86.ActiveCfg = Release|Any CPU
		{259DBA36-9C1B-4164-AB04-A29EFE6B4064}.Release|x86.Build.0 = Release|Any CPU
		{F0F2659A-EDAE-468E-BD60-6BEE2FF9E34D}.Debug|Any CPU.ActiveCfg = Debug|Any CPU
		{F0F2659A-EDAE-468E-BD60-6BEE2FF9E34D}.Debug|Any CPU.Build.0 = Debug|Any CPU
		{F0F2659A-EDAE-468E-BD60-6BEE2FF9E34D}.Debug|x64.ActiveCfg = Debug|Any CPU
		{F0F2659A-EDAE-468E-BD60-6BEE2FF9E34D}.Debug|x64.Build.0 = Debug|Any CPU
		{F0F2659A-EDAE-468E-BD60-6BEE2FF9E34D}.Debug|x86.ActiveCfg = Debug|Any CPU
		{F0F2659A-EDAE-468E-BD60-6BEE2FF9E34D}.Debug|x86.Build.0 = Debug|Any CPU
		{F0F2659A-EDAE-468E-BD60-6BEE2FF9E34D}.Release|Any CPU.ActiveCfg = Release|Any CPU
		{F0F2659A-EDAE-468E-BD60-6BEE2FF9E34D}.Release|Any CPU.Build.0 = Release|Any CPU
		{F0F2659A-EDAE-468E-BD60-6BEE2FF9E34D}.Release|x64.ActiveCfg = Release|Any CPU
		{F0F2659A-EDAE-468E-BD60-6BEE2FF9E34D}.Release|x64.Build.0 = Release|Any CPU
		{F0F2659A-EDAE-468E-BD60-6BEE2FF9E34D}.Release|x86.ActiveCfg = Release|Any CPU
		{F0F2659A-EDAE-468E-BD60-6BEE2FF9E34D}.Release|x86.Build.0 = Release|Any CPU
		{8B0B34FC-FFE3-4119-A032-C51CBDD6D6BF}.Debug|Any CPU.ActiveCfg = Debug|Any CPU
		{8B0B34FC-FFE3-4119-A032-C51CBDD6D6BF}.Debug|Any CPU.Build.0 = Debug|Any CPU
		{8B0B34FC-FFE3-4119-A032-C51CBDD6D6BF}.Debug|x64.ActiveCfg = Debug|Any CPU
		{8B0B34FC-FFE3-4119-A032-C51CBDD6D6BF}.Debug|x64.Build.0 = Debug|Any CPU
		{8B0B34FC-FFE3-4119-A032-C51CBDD6D6BF}.Debug|x86.ActiveCfg = Debug|Any CPU
		{8B0B34FC-FFE3-4119-A032-C51CBDD6D6BF}.Debug|x86.Build.0 = Debug|Any CPU
		{8B0B34FC-FFE3-4119-A032-C51CBDD6D6BF}.Release|Any CPU.ActiveCfg = Release|Any CPU
		{8B0B34FC-FFE3-4119-A032-C51CBDD6D6BF}.Release|Any CPU.Build.0 = Release|Any CPU
		{8B0B34FC-FFE3-4119-A032-C51CBDD6D6BF}.Release|x64.ActiveCfg = Release|Any CPU
		{8B0B34FC-FFE3-4119-A032-C51CBDD6D6BF}.Release|x64.Build.0 = Release|Any CPU
		{8B0B34FC-FFE3-4119-A032-C51CBDD6D6BF}.Release|x86.ActiveCfg = Release|Any CPU
		{8B0B34FC-FFE3-4119-A032-C51CBDD6D6BF}.Release|x86.Build.0 = Release|Any CPU
		{1A1D8619-8623-492F-B5B3-E4CBD9969360}.Debug|Any CPU.ActiveCfg = Debug|Any CPU
		{1A1D8619-8623-492F-B5B3-E4CBD9969360}.Debug|Any CPU.Build.0 = Debug|Any CPU
		{1A1D8619-8623-492F-B5B3-E4CBD9969360}.Debug|x64.ActiveCfg = Debug|Any CPU
		{1A1D8619-8623-492F-B5B3-E4CBD9969360}.Debug|x64.Build.0 = Debug|Any CPU
		{1A1D8619-8623-492F-B5B3-E4CBD9969360}.Debug|x86.ActiveCfg = Debug|Any CPU
		{1A1D8619-8623-492F-B5B3-E4CBD9969360}.Debug|x86.Build.0 = Debug|Any CPU
		{1A1D8619-8623-492F-B5B3-E4CBD9969360}.Release|Any CPU.ActiveCfg = Release|Any CPU
		{1A1D8619-8623-492F-B5B3-E4CBD9969360}.Release|Any CPU.Build.0 = Release|Any CPU
		{1A1D8619-8623-492F-B5B3-E4CBD9969360}.Release|x64.ActiveCfg = Release|Any CPU
		{1A1D8619-8623-492F-B5B3-E4CBD9969360}.Release|x64.Build.0 = Release|Any CPU
		{1A1D8619-8623-492F-B5B3-E4CBD9969360}.Release|x86.ActiveCfg = Release|Any CPU
		{1A1D8619-8623-492F-B5B3-E4CBD9969360}.Release|x86.Build.0 = Release|Any CPU
		{AF6E0738-7324-4CA0-807A-A8E4564564EA}.Debug|Any CPU.ActiveCfg = Debug|Any CPU
		{AF6E0738-7324-4CA0-807A-A8E4564564EA}.Debug|Any CPU.Build.0 = Debug|Any CPU
		{AF6E0738-7324-4CA0-807A-A8E4564564EA}.Debug|x64.ActiveCfg = Debug|Any CPU
		{AF6E0738-7324-4CA0-807A-A8E4564564EA}.Debug|x64.Build.0 = Debug|Any CPU
		{AF6E0738-7324-4CA0-807A-A8E4564564EA}.Debug|x86.ActiveCfg = Debug|Any CPU
		{AF6E0738-7324-4CA0-807A-A8E4564564EA}.Debug|x86.Build.0 = Debug|Any CPU
		{AF6E0738-7324-4CA0-807A-A8E4564564EA}.Release|Any CPU.ActiveCfg = Release|Any CPU
		{AF6E0738-7324-4CA0-807A-A8E4564564EA}.Release|Any CPU.Build.0 = Release|Any CPU
		{AF6E0738-7324-4CA0-807A-A8E4564564EA}.Release|x64.ActiveCfg = Release|Any CPU
		{AF6E0738-7324-4CA0-807A-A8E4564564EA}.Release|x64.Build.0 = Release|Any CPU
		{AF6E0738-7324-4CA0-807A-A8E4564564EA}.Release|x86.ActiveCfg = Release|Any CPU
		{AF6E0738-7324-4CA0-807A-A8E4564564EA}.Release|x86.Build.0 = Release|Any CPU
		{AFBB8E14-C35E-44DF-B1ED-A14C4548E661}.Debug|Any CPU.ActiveCfg = Debug|Any CPU
		{AFBB8E14-C35E-44DF-B1ED-A14C4548E661}.Debug|Any CPU.Build.0 = Debug|Any CPU
		{AFBB8E14-C35E-44DF-B1ED-A14C4548E661}.Debug|x64.ActiveCfg = Debug|Any CPU
		{AFBB8E14-C35E-44DF-B1ED-A14C4548E661}.Debug|x64.Build.0 = Debug|Any CPU
		{AFBB8E14-C35E-44DF-B1ED-A14C4548E661}.Debug|x86.ActiveCfg = Debug|Any CPU
		{AFBB8E14-C35E-44DF-B1ED-A14C4548E661}.Debug|x86.Build.0 = Debug|Any CPU
		{AFBB8E14-C35E-44DF-B1ED-A14C4548E661}.Release|Any CPU.ActiveCfg = Release|Any CPU
		{AFBB8E14-C35E-44DF-B1ED-A14C4548E661}.Release|Any CPU.Build.0 = Release|Any CPU
		{AFBB8E14-C35E-44DF-B1ED-A14C4548E661}.Release|x64.ActiveCfg = Release|Any CPU
		{AFBB8E14-C35E-44DF-B1ED-A14C4548E661}.Release|x64.Build.0 = Release|Any CPU
		{AFBB8E14-C35E-44DF-B1ED-A14C4548E661}.Release|x86.ActiveCfg = Release|Any CPU
		{AFBB8E14-C35E-44DF-B1ED-A14C4548E661}.Release|x86.Build.0 = Release|Any CPU
		{A428412B-FB17-476D-AA80-632FD34A213E}.Debug|Any CPU.ActiveCfg = Debug|Any CPU
		{A428412B-FB17-476D-AA80-632FD34A213E}.Debug|Any CPU.Build.0 = Debug|Any CPU
		{A428412B-FB17-476D-AA80-632FD34A213E}.Debug|x64.ActiveCfg = Debug|Any CPU
		{A428412B-FB17-476D-AA80-632FD34A213E}.Debug|x64.Build.0 = Debug|Any CPU
		{A428412B-FB17-476D-AA80-632FD34A213E}.Debug|x86.ActiveCfg = Debug|Any CPU
		{A428412B-FB17-476D-AA80-632FD34A213E}.Debug|x86.Build.0 = Debug|Any CPU
		{A428412B-FB17-476D-AA80-632FD34A213E}.Release|Any CPU.ActiveCfg = Release|Any CPU
		{A428412B-FB17-476D-AA80-632FD34A213E}.Release|Any CPU.Build.0 = Release|Any CPU
		{A428412B-FB17-476D-AA80-632FD34A213E}.Release|x64.ActiveCfg = Release|Any CPU
		{A428412B-FB17-476D-AA80-632FD34A213E}.Release|x64.Build.0 = Release|Any CPU
		{A428412B-FB17-476D-AA80-632FD34A213E}.Release|x86.ActiveCfg = Release|Any CPU
		{A428412B-FB17-476D-AA80-632FD34A213E}.Release|x86.Build.0 = Release|Any CPU
		{03681B30-CA6D-493D-8319-76E6C4DFB061}.Debug|Any CPU.ActiveCfg = Debug|Any CPU
		{03681B30-CA6D-493D-8319-76E6C4DFB061}.Debug|Any CPU.Build.0 = Debug|Any CPU
		{03681B30-CA6D-493D-8319-76E6C4DFB061}.Debug|x64.ActiveCfg = Debug|Any CPU
		{03681B30-CA6D-493D-8319-76E6C4DFB061}.Debug|x64.Build.0 = Debug|Any CPU
		{03681B30-CA6D-493D-8319-76E6C4DFB061}.Debug|x86.ActiveCfg = Debug|Any CPU
		{03681B30-CA6D-493D-8319-76E6C4DFB061}.Debug|x86.Build.0 = Debug|Any CPU
		{03681B30-CA6D-493D-8319-76E6C4DFB061}.Release|Any CPU.ActiveCfg = Release|Any CPU
		{03681B30-CA6D-493D-8319-76E6C4DFB061}.Release|Any CPU.Build.0 = Release|Any CPU
		{03681B30-CA6D-493D-8319-76E6C4DFB061}.Release|x64.ActiveCfg = Release|Any CPU
		{03681B30-CA6D-493D-8319-76E6C4DFB061}.Release|x64.Build.0 = Release|Any CPU
		{03681B30-CA6D-493D-8319-76E6C4DFB061}.Release|x86.ActiveCfg = Release|Any CPU
		{03681B30-CA6D-493D-8319-76E6C4DFB061}.Release|x86.Build.0 = Release|Any CPU
		{2DE0B4C6-0DBD-4BF3-A3DD-36F40FC55794}.Debug|Any CPU.ActiveCfg = Debug|Any CPU
		{2DE0B4C6-0DBD-4BF3-A3DD-36F40FC55794}.Debug|Any CPU.Build.0 = Debug|Any CPU
		{2DE0B4C6-0DBD-4BF3-A3DD-36F40FC55794}.Debug|x64.ActiveCfg = Debug|Any CPU
		{2DE0B4C6-0DBD-4BF3-A3DD-36F40FC55794}.Debug|x64.Build.0 = Debug|Any CPU
		{2DE0B4C6-0DBD-4BF3-A3DD-36F40FC55794}.Debug|x86.ActiveCfg = Debug|Any CPU
		{2DE0B4C6-0DBD-4BF3-A3DD-36F40FC55794}.Debug|x86.Build.0 = Debug|Any CPU
		{2DE0B4C6-0DBD-4BF3-A3DD-36F40FC55794}.Release|Any CPU.ActiveCfg = Release|Any CPU
		{2DE0B4C6-0DBD-4BF3-A3DD-36F40FC55794}.Release|Any CPU.Build.0 = Release|Any CPU
		{2DE0B4C6-0DBD-4BF3-A3DD-36F40FC55794}.Release|x64.ActiveCfg = Release|Any CPU
		{2DE0B4C6-0DBD-4BF3-A3DD-36F40FC55794}.Release|x64.Build.0 = Release|Any CPU
		{2DE0B4C6-0DBD-4BF3-A3DD-36F40FC55794}.Release|x86.ActiveCfg = Release|Any CPU
		{2DE0B4C6-0DBD-4BF3-A3DD-36F40FC55794}.Release|x86.Build.0 = Release|Any CPU
		{5038D932-BCD0-43E3-ADCB-1DCA137E4CF8}.Debug|Any CPU.ActiveCfg = Debug|Any CPU
		{5038D932-BCD0-43E3-ADCB-1DCA137E4CF8}.Debug|Any CPU.Build.0 = Debug|Any CPU
		{5038D932-BCD0-43E3-ADCB-1DCA137E4CF8}.Debug|x64.ActiveCfg = Debug|Any CPU
		{5038D932-BCD0-43E3-ADCB-1DCA137E4CF8}.Debug|x64.Build.0 = Debug|Any CPU
		{5038D932-BCD0-43E3-ADCB-1DCA137E4CF8}.Debug|x86.ActiveCfg = Debug|Any CPU
		{5038D932-BCD0-43E3-ADCB-1DCA137E4CF8}.Debug|x86.Build.0 = Debug|Any CPU
		{5038D932-BCD0-43E3-ADCB-1DCA137E4CF8}.Release|Any CPU.ActiveCfg = Release|Any CPU
		{5038D932-BCD0-43E3-ADCB-1DCA137E4CF8}.Release|Any CPU.Build.0 = Release|Any CPU
		{5038D932-BCD0-43E3-ADCB-1DCA137E4CF8}.Release|x64.ActiveCfg = Release|Any CPU
		{5038D932-BCD0-43E3-ADCB-1DCA137E4CF8}.Release|x64.Build.0 = Release|Any CPU
		{5038D932-BCD0-43E3-ADCB-1DCA137E4CF8}.Release|x86.ActiveCfg = Release|Any CPU
		{5038D932-BCD0-43E3-ADCB-1DCA137E4CF8}.Release|x86.Build.0 = Release|Any CPU
		{4C179833-8256-44F1-9D8E-E4479FAF70B0}.Debug|Any CPU.ActiveCfg = Debug|Any CPU
		{4C179833-8256-44F1-9D8E-E4479FAF70B0}.Debug|Any CPU.Build.0 = Debug|Any CPU
		{4C179833-8256-44F1-9D8E-E4479FAF70B0}.Debug|x64.ActiveCfg = Debug|Any CPU
		{4C179833-8256-44F1-9D8E-E4479FAF70B0}.Debug|x64.Build.0 = Debug|Any CPU
		{4C179833-8256-44F1-9D8E-E4479FAF70B0}.Debug|x86.ActiveCfg = Debug|Any CPU
		{4C179833-8256-44F1-9D8E-E4479FAF70B0}.Debug|x86.Build.0 = Debug|Any CPU
		{4C179833-8256-44F1-9D8E-E4479FAF70B0}.Release|Any CPU.ActiveCfg = Release|Any CPU
		{4C179833-8256-44F1-9D8E-E4479FAF70B0}.Release|Any CPU.Build.0 = Release|Any CPU
		{4C179833-8256-44F1-9D8E-E4479FAF70B0}.Release|x64.ActiveCfg = Release|Any CPU
		{4C179833-8256-44F1-9D8E-E4479FAF70B0}.Release|x64.Build.0 = Release|Any CPU
		{4C179833-8256-44F1-9D8E-E4479FAF70B0}.Release|x86.ActiveCfg = Release|Any CPU
		{4C179833-8256-44F1-9D8E-E4479FAF70B0}.Release|x86.Build.0 = Release|Any CPU
		{694B6EA7-155D-4BB4-A538-2D1C5AC0F980}.Debug|Any CPU.ActiveCfg = Debug|Any CPU
		{694B6EA7-155D-4BB4-A538-2D1C5AC0F980}.Debug|Any CPU.Build.0 = Debug|Any CPU
		{694B6EA7-155D-4BB4-A538-2D1C5AC0F980}.Debug|x64.ActiveCfg = Debug|Any CPU
		{694B6EA7-155D-4BB4-A538-2D1C5AC0F980}.Debug|x64.Build.0 = Debug|Any CPU
		{694B6EA7-155D-4BB4-A538-2D1C5AC0F980}.Debug|x86.ActiveCfg = Debug|Any CPU
		{694B6EA7-155D-4BB4-A538-2D1C5AC0F980}.Debug|x86.Build.0 = Debug|Any CPU
		{694B6EA7-155D-4BB4-A538-2D1C5AC0F980}.Release|Any CPU.ActiveCfg = Release|Any CPU
		{694B6EA7-155D-4BB4-A538-2D1C5AC0F980}.Release|Any CPU.Build.0 = Release|Any CPU
		{694B6EA7-155D-4BB4-A538-2D1C5AC0F980}.Release|x64.ActiveCfg = Release|Any CPU
		{694B6EA7-155D-4BB4-A538-2D1C5AC0F980}.Release|x64.Build.0 = Release|Any CPU
		{694B6EA7-155D-4BB4-A538-2D1C5AC0F980}.Release|x86.ActiveCfg = Release|Any CPU
		{694B6EA7-155D-4BB4-A538-2D1C5AC0F980}.Release|x86.Build.0 = Release|Any CPU
		{2870A75E-A9BB-45E0-97C4-2F8415800FF5}.Debug|Any CPU.ActiveCfg = Debug|Any CPU
		{2870A75E-A9BB-45E0-97C4-2F8415800FF5}.Debug|Any CPU.Build.0 = Debug|Any CPU
		{2870A75E-A9BB-45E0-97C4-2F8415800FF5}.Debug|x64.ActiveCfg = Debug|Any CPU
		{2870A75E-A9BB-45E0-97C4-2F8415800FF5}.Debug|x64.Build.0 = Debug|Any CPU
		{2870A75E-A9BB-45E0-97C4-2F8415800FF5}.Debug|x86.ActiveCfg = Debug|Any CPU
		{2870A75E-A9BB-45E0-97C4-2F8415800FF5}.Debug|x86.Build.0 = Debug|Any CPU
		{2870A75E-A9BB-45E0-97C4-2F8415800FF5}.Release|Any CPU.ActiveCfg = Release|Any CPU
		{2870A75E-A9BB-45E0-97C4-2F8415800FF5}.Release|Any CPU.Build.0 = Release|Any CPU
		{2870A75E-A9BB-45E0-97C4-2F8415800FF5}.Release|x64.ActiveCfg = Release|Any CPU
		{2870A75E-A9BB-45E0-97C4-2F8415800FF5}.Release|x64.Build.0 = Release|Any CPU
		{2870A75E-A9BB-45E0-97C4-2F8415800FF5}.Release|x86.ActiveCfg = Release|Any CPU
		{2870A75E-A9BB-45E0-97C4-2F8415800FF5}.Release|x86.Build.0 = Release|Any CPU
		{D880DB3B-AE14-4B21-AA91-3F56DD30334D}.Debug|Any CPU.ActiveCfg = Debug|Any CPU
		{D880DB3B-AE14-4B21-AA91-3F56DD30334D}.Debug|Any CPU.Build.0 = Debug|Any CPU
		{D880DB3B-AE14-4B21-AA91-3F56DD30334D}.Debug|x64.ActiveCfg = Debug|Any CPU
		{D880DB3B-AE14-4B21-AA91-3F56DD30334D}.Debug|x64.Build.0 = Debug|Any CPU
		{D880DB3B-AE14-4B21-AA91-3F56DD30334D}.Debug|x86.ActiveCfg = Debug|Any CPU
		{D880DB3B-AE14-4B21-AA91-3F56DD30334D}.Debug|x86.Build.0 = Debug|Any CPU
		{D880DB3B-AE14-4B21-AA91-3F56DD30334D}.Release|Any CPU.ActiveCfg = Release|Any CPU
		{D880DB3B-AE14-4B21-AA91-3F56DD30334D}.Release|Any CPU.Build.0 = Release|Any CPU
		{D880DB3B-AE14-4B21-AA91-3F56DD30334D}.Release|x64.ActiveCfg = Release|Any CPU
		{D880DB3B-AE14-4B21-AA91-3F56DD30334D}.Release|x64.Build.0 = Release|Any CPU
		{D880DB3B-AE14-4B21-AA91-3F56DD30334D}.Release|x86.ActiveCfg = Release|Any CPU
		{D880DB3B-AE14-4B21-AA91-3F56DD30334D}.Release|x86.Build.0 = Release|Any CPU
		{846705A6-0ADE-438E-A9E1-0BB6B26519EC}.Debug|Any CPU.ActiveCfg = Debug|Any CPU
		{846705A6-0ADE-438E-A9E1-0BB6B26519EC}.Debug|Any CPU.Build.0 = Debug|Any CPU
		{846705A6-0ADE-438E-A9E1-0BB6B26519EC}.Debug|x64.ActiveCfg = Debug|Any CPU
		{846705A6-0ADE-438E-A9E1-0BB6B26519EC}.Debug|x64.Build.0 = Debug|Any CPU
		{846705A6-0ADE-438E-A9E1-0BB6B26519EC}.Debug|x86.ActiveCfg = Debug|Any CPU
		{846705A6-0ADE-438E-A9E1-0BB6B26519EC}.Debug|x86.Build.0 = Debug|Any CPU
		{846705A6-0ADE-438E-A9E1-0BB6B26519EC}.Release|Any CPU.ActiveCfg = Release|Any CPU
		{846705A6-0ADE-438E-A9E1-0BB6B26519EC}.Release|Any CPU.Build.0 = Release|Any CPU
		{846705A6-0ADE-438E-A9E1-0BB6B26519EC}.Release|x64.ActiveCfg = Release|Any CPU
		{846705A6-0ADE-438E-A9E1-0BB6B26519EC}.Release|x64.Build.0 = Release|Any CPU
		{846705A6-0ADE-438E-A9E1-0BB6B26519EC}.Release|x86.ActiveCfg = Release|Any CPU
		{846705A6-0ADE-438E-A9E1-0BB6B26519EC}.Release|x86.Build.0 = Release|Any CPU
		{130A8BFB-4A9D-4934-9E59-C4CAF4FE0C7E}.Debug|Any CPU.ActiveCfg = Debug|Any CPU
		{130A8BFB-4A9D-4934-9E59-C4CAF4FE0C7E}.Debug|Any CPU.Build.0 = Debug|Any CPU
		{130A8BFB-4A9D-4934-9E59-C4CAF4FE0C7E}.Debug|x64.ActiveCfg = Debug|Any CPU
		{130A8BFB-4A9D-4934-9E59-C4CAF4FE0C7E}.Debug|x64.Build.0 = Debug|Any CPU
		{130A8BFB-4A9D-4934-9E59-C4CAF4FE0C7E}.Debug|x86.ActiveCfg = Debug|Any CPU
		{130A8BFB-4A9D-4934-9E59-C4CAF4FE0C7E}.Debug|x86.Build.0 = Debug|Any CPU
		{130A8BFB-4A9D-4934-9E59-C4CAF4FE0C7E}.Release|Any CPU.ActiveCfg = Release|Any CPU
		{130A8BFB-4A9D-4934-9E59-C4CAF4FE0C7E}.Release|Any CPU.Build.0 = Release|Any CPU
		{130A8BFB-4A9D-4934-9E59-C4CAF4FE0C7E}.Release|x64.ActiveCfg = Release|Any CPU
		{130A8BFB-4A9D-4934-9E59-C4CAF4FE0C7E}.Release|x64.Build.0 = Release|Any CPU
		{130A8BFB-4A9D-4934-9E59-C4CAF4FE0C7E}.Release|x86.ActiveCfg = Release|Any CPU
		{130A8BFB-4A9D-4934-9E59-C4CAF4FE0C7E}.Release|x86.Build.0 = Release|Any CPU
		{02D52813-5D6D-4F24-B84B-8DFCAC2F7597}.Debug|Any CPU.ActiveCfg = Debug|Any CPU
		{02D52813-5D6D-4F24-B84B-8DFCAC2F7597}.Debug|Any CPU.Build.0 = Debug|Any CPU
		{02D52813-5D6D-4F24-B84B-8DFCAC2F7597}.Debug|x64.ActiveCfg = Debug|Any CPU
		{02D52813-5D6D-4F24-B84B-8DFCAC2F7597}.Debug|x64.Build.0 = Debug|Any CPU
		{02D52813-5D6D-4F24-B84B-8DFCAC2F7597}.Debug|x86.ActiveCfg = Debug|Any CPU
		{02D52813-5D6D-4F24-B84B-8DFCAC2F7597}.Debug|x86.Build.0 = Debug|Any CPU
		{02D52813-5D6D-4F24-B84B-8DFCAC2F7597}.Release|Any CPU.ActiveCfg = Release|Any CPU
		{02D52813-5D6D-4F24-B84B-8DFCAC2F7597}.Release|Any CPU.Build.0 = Release|Any CPU
		{02D52813-5D6D-4F24-B84B-8DFCAC2F7597}.Release|x64.ActiveCfg = Release|Any CPU
		{02D52813-5D6D-4F24-B84B-8DFCAC2F7597}.Release|x64.Build.0 = Release|Any CPU
		{02D52813-5D6D-4F24-B84B-8DFCAC2F7597}.Release|x86.ActiveCfg = Release|Any CPU
		{02D52813-5D6D-4F24-B84B-8DFCAC2F7597}.Release|x86.Build.0 = Release|Any CPU
		{7D8B790D-6AA3-4B4B-9EFC-B84E25AD1557}.Debug|Any CPU.ActiveCfg = Debug|Any CPU
		{7D8B790D-6AA3-4B4B-9EFC-B84E25AD1557}.Debug|Any CPU.Build.0 = Debug|Any CPU
		{7D8B790D-6AA3-4B4B-9EFC-B84E25AD1557}.Debug|x64.ActiveCfg = Debug|Any CPU
		{7D8B790D-6AA3-4B4B-9EFC-B84E25AD1557}.Debug|x64.Build.0 = Debug|Any CPU
		{7D8B790D-6AA3-4B4B-9EFC-B84E25AD1557}.Debug|x86.ActiveCfg = Debug|Any CPU
		{7D8B790D-6AA3-4B4B-9EFC-B84E25AD1557}.Debug|x86.Build.0 = Debug|Any CPU
		{7D8B790D-6AA3-4B4B-9EFC-B84E25AD1557}.Release|Any CPU.ActiveCfg = Release|Any CPU
		{7D8B790D-6AA3-4B4B-9EFC-B84E25AD1557}.Release|Any CPU.Build.0 = Release|Any CPU
		{7D8B790D-6AA3-4B4B-9EFC-B84E25AD1557}.Release|x64.ActiveCfg = Release|Any CPU
		{7D8B790D-6AA3-4B4B-9EFC-B84E25AD1557}.Release|x64.Build.0 = Release|Any CPU
		{7D8B790D-6AA3-4B4B-9EFC-B84E25AD1557}.Release|x86.ActiveCfg = Release|Any CPU
		{7D8B790D-6AA3-4B4B-9EFC-B84E25AD1557}.Release|x86.Build.0 = Release|Any CPU
		{2B9AAC2F-DAA7-4E6D-BA2C-3CF664B5180F}.Debug|Any CPU.ActiveCfg = Debug|Any CPU
		{2B9AAC2F-DAA7-4E6D-BA2C-3CF664B5180F}.Debug|Any CPU.Build.0 = Debug|Any CPU
		{2B9AAC2F-DAA7-4E6D-BA2C-3CF664B5180F}.Debug|x64.ActiveCfg = Debug|Any CPU
		{2B9AAC2F-DAA7-4E6D-BA2C-3CF664B5180F}.Debug|x64.Build.0 = Debug|Any CPU
		{2B9AAC2F-DAA7-4E6D-BA2C-3CF664B5180F}.Debug|x86.ActiveCfg = Debug|Any CPU
		{2B9AAC2F-DAA7-4E6D-BA2C-3CF664B5180F}.Debug|x86.Build.0 = Debug|Any CPU
		{2B9AAC2F-DAA7-4E6D-BA2C-3CF664B5180F}.Release|Any CPU.ActiveCfg = Release|Any CPU
		{2B9AAC2F-DAA7-4E6D-BA2C-3CF664B5180F}.Release|Any CPU.Build.0 = Release|Any CPU
		{2B9AAC2F-DAA7-4E6D-BA2C-3CF664B5180F}.Release|x64.ActiveCfg = Release|Any CPU
		{2B9AAC2F-DAA7-4E6D-BA2C-3CF664B5180F}.Release|x64.Build.0 = Release|Any CPU
		{2B9AAC2F-DAA7-4E6D-BA2C-3CF664B5180F}.Release|x86.ActiveCfg = Release|Any CPU
		{2B9AAC2F-DAA7-4E6D-BA2C-3CF664B5180F}.Release|x86.Build.0 = Release|Any CPU
		{32FE591E-5F6E-4AF1-8047-B96C660C5127}.Debug|Any CPU.ActiveCfg = Debug|Any CPU
		{32FE591E-5F6E-4AF1-8047-B96C660C5127}.Debug|Any CPU.Build.0 = Debug|Any CPU
		{32FE591E-5F6E-4AF1-8047-B96C660C5127}.Debug|x64.ActiveCfg = Debug|Any CPU
		{32FE591E-5F6E-4AF1-8047-B96C660C5127}.Debug|x64.Build.0 = Debug|Any CPU
		{32FE591E-5F6E-4AF1-8047-B96C660C5127}.Debug|x86.ActiveCfg = Debug|Any CPU
		{32FE591E-5F6E-4AF1-8047-B96C660C5127}.Debug|x86.Build.0 = Debug|Any CPU
		{32FE591E-5F6E-4AF1-8047-B96C660C5127}.Release|Any CPU.ActiveCfg = Release|Any CPU
		{32FE591E-5F6E-4AF1-8047-B96C660C5127}.Release|Any CPU.Build.0 = Release|Any CPU
		{32FE591E-5F6E-4AF1-8047-B96C660C5127}.Release|x64.ActiveCfg = Release|Any CPU
		{32FE591E-5F6E-4AF1-8047-B96C660C5127}.Release|x64.Build.0 = Release|Any CPU
		{32FE591E-5F6E-4AF1-8047-B96C660C5127}.Release|x86.ActiveCfg = Release|Any CPU
		{32FE591E-5F6E-4AF1-8047-B96C660C5127}.Release|x86.Build.0 = Release|Any CPU
		{3C5CA4A2-BDEE-4B79-A6D9-3970CCE13655}.Debug|Any CPU.ActiveCfg = Debug|Any CPU
		{3C5CA4A2-BDEE-4B79-A6D9-3970CCE13655}.Debug|Any CPU.Build.0 = Debug|Any CPU
		{3C5CA4A2-BDEE-4B79-A6D9-3970CCE13655}.Debug|x64.ActiveCfg = Debug|Any CPU
		{3C5CA4A2-BDEE-4B79-A6D9-3970CCE13655}.Debug|x64.Build.0 = Debug|Any CPU
		{3C5CA4A2-BDEE-4B79-A6D9-3970CCE13655}.Debug|x86.ActiveCfg = Debug|Any CPU
		{3C5CA4A2-BDEE-4B79-A6D9-3970CCE13655}.Debug|x86.Build.0 = Debug|Any CPU
		{3C5CA4A2-BDEE-4B79-A6D9-3970CCE13655}.Release|Any CPU.ActiveCfg = Release|Any CPU
		{3C5CA4A2-BDEE-4B79-A6D9-3970CCE13655}.Release|Any CPU.Build.0 = Release|Any CPU
		{3C5CA4A2-BDEE-4B79-A6D9-3970CCE13655}.Release|x64.ActiveCfg = Release|Any CPU
		{3C5CA4A2-BDEE-4B79-A6D9-3970CCE13655}.Release|x64.Build.0 = Release|Any CPU
		{3C5CA4A2-BDEE-4B79-A6D9-3970CCE13655}.Release|x86.ActiveCfg = Release|Any CPU
		{3C5CA4A2-BDEE-4B79-A6D9-3970CCE13655}.Release|x86.Build.0 = Release|Any CPU
		{F510ADFA-6846-439E-84C6-045D57659324}.Debug|Any CPU.ActiveCfg = Debug|Any CPU
		{F510ADFA-6846-439E-84C6-045D57659324}.Debug|Any CPU.Build.0 = Debug|Any CPU
		{F510ADFA-6846-439E-84C6-045D57659324}.Debug|x64.ActiveCfg = Debug|Any CPU
		{F510ADFA-6846-439E-84C6-045D57659324}.Debug|x64.Build.0 = Debug|Any CPU
		{F510ADFA-6846-439E-84C6-045D57659324}.Debug|x86.ActiveCfg = Debug|Any CPU
		{F510ADFA-6846-439E-84C6-045D57659324}.Debug|x86.Build.0 = Debug|Any CPU
		{F510ADFA-6846-439E-84C6-045D57659324}.Release|Any CPU.ActiveCfg = Release|Any CPU
		{F510ADFA-6846-439E-84C6-045D57659324}.Release|Any CPU.Build.0 = Release|Any CPU
		{F510ADFA-6846-439E-84C6-045D57659324}.Release|x64.ActiveCfg = Release|Any CPU
		{F510ADFA-6846-439E-84C6-045D57659324}.Release|x64.Build.0 = Release|Any CPU
		{F510ADFA-6846-439E-84C6-045D57659324}.Release|x86.ActiveCfg = Release|Any CPU
		{F510ADFA-6846-439E-84C6-045D57659324}.Release|x86.Build.0 = Release|Any CPU
		{25844C57-4144-40AE-8085-C62168EF5F8F}.Debug|Any CPU.ActiveCfg = Debug|Any CPU
		{25844C57-4144-40AE-8085-C62168EF5F8F}.Debug|Any CPU.Build.0 = Debug|Any CPU
		{25844C57-4144-40AE-8085-C62168EF5F8F}.Debug|x64.ActiveCfg = Debug|Any CPU
		{25844C57-4144-40AE-8085-C62168EF5F8F}.Debug|x64.Build.0 = Debug|Any CPU
		{25844C57-4144-40AE-8085-C62168EF5F8F}.Debug|x86.ActiveCfg = Debug|Any CPU
		{25844C57-4144-40AE-8085-C62168EF5F8F}.Debug|x86.Build.0 = Debug|Any CPU
		{25844C57-4144-40AE-8085-C62168EF5F8F}.Release|Any CPU.ActiveCfg = Release|Any CPU
		{25844C57-4144-40AE-8085-C62168EF5F8F}.Release|Any CPU.Build.0 = Release|Any CPU
		{25844C57-4144-40AE-8085-C62168EF5F8F}.Release|x64.ActiveCfg = Release|Any CPU
		{25844C57-4144-40AE-8085-C62168EF5F8F}.Release|x64.Build.0 = Release|Any CPU
		{25844C57-4144-40AE-8085-C62168EF5F8F}.Release|x86.ActiveCfg = Release|Any CPU
		{25844C57-4144-40AE-8085-C62168EF5F8F}.Release|x86.Build.0 = Release|Any CPU
		{BC30833F-B7D9-425F-B10F-E0D44ED455E1}.Debug|Any CPU.ActiveCfg = Debug|Any CPU
		{BC30833F-B7D9-425F-B10F-E0D44ED455E1}.Debug|Any CPU.Build.0 = Debug|Any CPU
		{BC30833F-B7D9-425F-B10F-E0D44ED455E1}.Debug|x64.ActiveCfg = Debug|Any CPU
		{BC30833F-B7D9-425F-B10F-E0D44ED455E1}.Debug|x64.Build.0 = Debug|Any CPU
		{BC30833F-B7D9-425F-B10F-E0D44ED455E1}.Debug|x86.ActiveCfg = Debug|Any CPU
		{BC30833F-B7D9-425F-B10F-E0D44ED455E1}.Debug|x86.Build.0 = Debug|Any CPU
		{BC30833F-B7D9-425F-B10F-E0D44ED455E1}.Release|Any CPU.ActiveCfg = Release|Any CPU
		{BC30833F-B7D9-425F-B10F-E0D44ED455E1}.Release|Any CPU.Build.0 = Release|Any CPU
		{BC30833F-B7D9-425F-B10F-E0D44ED455E1}.Release|x64.ActiveCfg = Release|Any CPU
		{BC30833F-B7D9-425F-B10F-E0D44ED455E1}.Release|x64.Build.0 = Release|Any CPU
		{BC30833F-B7D9-425F-B10F-E0D44ED455E1}.Release|x86.ActiveCfg = Release|Any CPU
		{BC30833F-B7D9-425F-B10F-E0D44ED455E1}.Release|x86.Build.0 = Release|Any CPU
		{22F2BC40-58B5-525D-AE5F-EDBEB8A308B0}.Debug|Any CPU.ActiveCfg = Debug|Any CPU
		{22F2BC40-58B5-525D-AE5F-EDBEB8A308B0}.Debug|Any CPU.Build.0 = Debug|Any CPU
		{22F2BC40-58B5-525D-AE5F-EDBEB8A308B0}.Debug|x64.ActiveCfg = Debug|Any CPU
		{22F2BC40-58B5-525D-AE5F-EDBEB8A308B0}.Debug|x64.Build.0 = Debug|Any CPU
		{22F2BC40-58B5-525D-AE5F-EDBEB8A308B0}.Debug|x86.ActiveCfg = Debug|Any CPU
		{22F2BC40-58B5-525D-AE5F-EDBEB8A308B0}.Debug|x86.Build.0 = Debug|Any CPU
		{22F2BC40-58B5-525D-AE5F-EDBEB8A308B0}.Release|Any CPU.ActiveCfg = Release|Any CPU
		{22F2BC40-58B5-525D-AE5F-EDBEB8A308B0}.Release|Any CPU.Build.0 = Release|Any CPU
		{22F2BC40-58B5-525D-AE5F-EDBEB8A308B0}.Release|x64.ActiveCfg = Release|Any CPU
		{22F2BC40-58B5-525D-AE5F-EDBEB8A308B0}.Release|x64.Build.0 = Release|Any CPU
		{22F2BC40-58B5-525D-AE5F-EDBEB8A308B0}.Release|x86.ActiveCfg = Release|Any CPU
		{22F2BC40-58B5-525D-AE5F-EDBEB8A308B0}.Release|x86.Build.0 = Release|Any CPU
		{2CBEB9DE-86BE-550E-9F34-E9F2085C9442}.Debug|Any CPU.ActiveCfg = Debug|Any CPU
		{2CBEB9DE-86BE-550E-9F34-E9F2085C9442}.Debug|Any CPU.Build.0 = Debug|Any CPU
		{2CBEB9DE-86BE-550E-9F34-E9F2085C9442}.Debug|x64.ActiveCfg = Debug|Any CPU
		{2CBEB9DE-86BE-550E-9F34-E9F2085C9442}.Debug|x64.Build.0 = Debug|Any CPU
		{2CBEB9DE-86BE-550E-9F34-E9F2085C9442}.Debug|x86.ActiveCfg = Debug|Any CPU
		{2CBEB9DE-86BE-550E-9F34-E9F2085C9442}.Debug|x86.Build.0 = Debug|Any CPU
		{2CBEB9DE-86BE-550E-9F34-E9F2085C9442}.Release|Any CPU.ActiveCfg = Release|Any CPU
		{2CBEB9DE-86BE-550E-9F34-E9F2085C9442}.Release|Any CPU.Build.0 = Release|Any CPU
		{2CBEB9DE-86BE-550E-9F34-E9F2085C9442}.Release|x64.ActiveCfg = Release|Any CPU
		{2CBEB9DE-86BE-550E-9F34-E9F2085C9442}.Release|x64.Build.0 = Release|Any CPU
		{2CBEB9DE-86BE-550E-9F34-E9F2085C9442}.Release|x86.ActiveCfg = Release|Any CPU
		{2CBEB9DE-86BE-550E-9F34-E9F2085C9442}.Release|x86.Build.0 = Release|Any CPU
		{6D26442D-494F-59B5-8F2D-2A72454A8C6B}.Debug|Any CPU.ActiveCfg = Debug|Any CPU
		{6D26442D-494F-59B5-8F2D-2A72454A8C6B}.Debug|Any CPU.Build.0 = Debug|Any CPU
		{6D26442D-494F-59B5-8F2D-2A72454A8C6B}.Debug|x64.ActiveCfg = Debug|Any CPU
		{6D26442D-494F-59B5-8F2D-2A72454A8C6B}.Debug|x64.Build.0 = Debug|Any CPU
		{6D26442D-494F-59B5-8F2D-2A72454A8C6B}.Debug|x86.ActiveCfg = Debug|Any CPU
		{6D26442D-494F-59B5-8F2D-2A72454A8C6B}.Debug|x86.Build.0 = Debug|Any CPU
		{6D26442D-494F-59B5-8F2D-2A72454A8C6B}.Release|Any CPU.ActiveCfg = Release|Any CPU
		{6D26442D-494F-59B5-8F2D-2A72454A8C6B}.Release|Any CPU.Build.0 = Release|Any CPU
		{6D26442D-494F-59B5-8F2D-2A72454A8C6B}.Release|x64.ActiveCfg = Release|Any CPU
		{6D26442D-494F-59B5-8F2D-2A72454A8C6B}.Release|x64.Build.0 = Release|Any CPU
		{6D26442D-494F-59B5-8F2D-2A72454A8C6B}.Release|x86.ActiveCfg = Release|Any CPU
		{6D26442D-494F-59B5-8F2D-2A72454A8C6B}.Release|x86.Build.0 = Release|Any CPU
		{CC071E59-B7E1-5ED0-BD84-E7AFFCCFF898}.Debug|Any CPU.ActiveCfg = Debug|Any CPU
		{CC071E59-B7E1-5ED0-BD84-E7AFFCCFF898}.Debug|Any CPU.Build.0 = Debug|Any CPU
		{CC071E59-B7E1-5ED0-BD84-E7AFFCCFF898}.Debug|x64.ActiveCfg = Debug|Any CPU
		{CC071E59-B7E1-5ED0-BD84-E7AFFCCFF898}.Debug|x64.Build.0 = Debug|Any CPU
		{CC071E59-B7E1-5ED0-BD84-E7AFFCCFF898}.Debug|x86.ActiveCfg = Debug|Any CPU
		{CC071E59-B7E1-5ED0-BD84-E7AFFCCFF898}.Debug|x86.Build.0 = Debug|Any CPU
		{CC071E59-B7E1-5ED0-BD84-E7AFFCCFF898}.Release|Any CPU.ActiveCfg = Release|Any CPU
		{CC071E59-B7E1-5ED0-BD84-E7AFFCCFF898}.Release|Any CPU.Build.0 = Release|Any CPU
		{CC071E59-B7E1-5ED0-BD84-E7AFFCCFF898}.Release|x64.ActiveCfg = Release|Any CPU
		{CC071E59-B7E1-5ED0-BD84-E7AFFCCFF898}.Release|x64.Build.0 = Release|Any CPU
		{CC071E59-B7E1-5ED0-BD84-E7AFFCCFF898}.Release|x86.ActiveCfg = Release|Any CPU
		{CC071E59-B7E1-5ED0-BD84-E7AFFCCFF898}.Release|x86.Build.0 = Release|Any CPU
		{C6AF8FFD-645E-57B4-BE9C-F5C423D300A5}.Debug|Any CPU.ActiveCfg = Debug|Any CPU
		{C6AF8FFD-645E-57B4-BE9C-F5C423D300A5}.Debug|Any CPU.Build.0 = Debug|Any CPU
		{C6AF8FFD-645E-57B4-BE9C-F5C423D300A5}.Debug|x64.ActiveCfg = Debug|Any CPU
		{C6AF8FFD-645E-57B4-BE9C-F5C423D300A5}.Debug|x64.Build.0 = Debug|Any CPU
		{C6AF8FFD-645E-57B4-BE9C-F5C423D300A5}.Debug|x86.ActiveCfg = Debug|Any CPU
		{C6AF8FFD-645E-57B4-BE9C-F5C423D300A5}.Debug|x86.Build.0 = Debug|Any CPU
		{C6AF8FFD-645E-57B4-BE9C-F5C423D300A5}.Release|Any CPU.ActiveCfg = Release|Any CPU
		{C6AF8FFD-645E-57B4-BE9C-F5C423D300A5}.Release|Any CPU.Build.0 = Release|Any CPU
		{C6AF8FFD-645E-57B4-BE9C-F5C423D300A5}.Release|x64.ActiveCfg = Release|Any CPU
		{C6AF8FFD-645E-57B4-BE9C-F5C423D300A5}.Release|x64.Build.0 = Release|Any CPU
		{C6AF8FFD-645E-57B4-BE9C-F5C423D300A5}.Release|x86.ActiveCfg = Release|Any CPU
		{C6AF8FFD-645E-57B4-BE9C-F5C423D300A5}.Release|x86.Build.0 = Release|Any CPU
		{94887A68-BD67-5D7A-82F4-FE8A1AE21BB3}.Debug|Any CPU.ActiveCfg = Debug|Any CPU
		{94887A68-BD67-5D7A-82F4-FE8A1AE21BB3}.Debug|Any CPU.Build.0 = Debug|Any CPU
		{94887A68-BD67-5D7A-82F4-FE8A1AE21BB3}.Debug|x64.ActiveCfg = Debug|Any CPU
		{94887A68-BD67-5D7A-82F4-FE8A1AE21BB3}.Debug|x64.Build.0 = Debug|Any CPU
		{94887A68-BD67-5D7A-82F4-FE8A1AE21BB3}.Debug|x86.ActiveCfg = Debug|Any CPU
		{94887A68-BD67-5D7A-82F4-FE8A1AE21BB3}.Debug|x86.Build.0 = Debug|Any CPU
		{94887A68-BD67-5D7A-82F4-FE8A1AE21BB3}.Release|Any CPU.ActiveCfg = Release|Any CPU
		{94887A68-BD67-5D7A-82F4-FE8A1AE21BB3}.Release|Any CPU.Build.0 = Release|Any CPU
		{94887A68-BD67-5D7A-82F4-FE8A1AE21BB3}.Release|x64.ActiveCfg = Release|Any CPU
		{94887A68-BD67-5D7A-82F4-FE8A1AE21BB3}.Release|x64.Build.0 = Release|Any CPU
		{94887A68-BD67-5D7A-82F4-FE8A1AE21BB3}.Release|x86.ActiveCfg = Release|Any CPU
		{94887A68-BD67-5D7A-82F4-FE8A1AE21BB3}.Release|x86.Build.0 = Release|Any CPU
		{C90DFB01-E81A-586B-B516-A9410C120B8A}.Debug|Any CPU.ActiveCfg = Debug|Any CPU
		{C90DFB01-E81A-586B-B516-A9410C120B8A}.Debug|Any CPU.Build.0 = Debug|Any CPU
		{C90DFB01-E81A-586B-B516-A9410C120B8A}.Debug|x64.ActiveCfg = Debug|Any CPU
		{C90DFB01-E81A-586B-B516-A9410C120B8A}.Debug|x64.Build.0 = Debug|Any CPU
		{C90DFB01-E81A-586B-B516-A9410C120B8A}.Debug|x86.ActiveCfg = Debug|Any CPU
		{C90DFB01-E81A-586B-B516-A9410C120B8A}.Debug|x86.Build.0 = Debug|Any CPU
		{C90DFB01-E81A-586B-B516-A9410C120B8A}.Release|Any CPU.ActiveCfg = Release|Any CPU
		{C90DFB01-E81A-586B-B516-A9410C120B8A}.Release|Any CPU.Build.0 = Release|Any CPU
		{C90DFB01-E81A-586B-B516-A9410C120B8A}.Release|x64.ActiveCfg = Release|Any CPU
		{C90DFB01-E81A-586B-B516-A9410C120B8A}.Release|x64.Build.0 = Release|Any CPU
		{C90DFB01-E81A-586B-B516-A9410C120B8A}.Release|x86.ActiveCfg = Release|Any CPU
		{C90DFB01-E81A-586B-B516-A9410C120B8A}.Release|x86.Build.0 = Release|Any CPU
		{BA56E42F-28B7-5A1E-92C3-5AF16882145E}.Debug|Any CPU.ActiveCfg = Debug|Any CPU
		{BA56E42F-28B7-5A1E-92C3-5AF16882145E}.Debug|Any CPU.Build.0 = Debug|Any CPU
		{BA56E42F-28B7-5A1E-92C3-5AF16882145E}.Debug|x64.ActiveCfg = Debug|Any CPU
		{BA56E42F-28B7-5A1E-92C3-5AF16882145E}.Debug|x64.Build.0 = Debug|Any CPU
		{BA56E42F-28B7-5A1E-92C3-5AF16882145E}.Debug|x86.ActiveCfg = Debug|Any CPU
		{BA56E42F-28B7-5A1E-92C3-5AF16882145E}.Debug|x86.Build.0 = Debug|Any CPU
		{BA56E42F-28B7-5A1E-92C3-5AF16882145E}.Release|Any CPU.ActiveCfg = Release|Any CPU
		{BA56E42F-28B7-5A1E-92C3-5AF16882145E}.Release|Any CPU.Build.0 = Release|Any CPU
		{BA56E42F-28B7-5A1E-92C3-5AF16882145E}.Release|x64.ActiveCfg = Release|Any CPU
		{BA56E42F-28B7-5A1E-92C3-5AF16882145E}.Release|x64.Build.0 = Release|Any CPU
		{BA56E42F-28B7-5A1E-92C3-5AF16882145E}.Release|x86.ActiveCfg = Release|Any CPU
		{BA56E42F-28B7-5A1E-92C3-5AF16882145E}.Release|x86.Build.0 = Release|Any CPU
		{0E90277B-6151-553A-8545-EC7118E5E792}.Debug|Any CPU.ActiveCfg = Debug|Any CPU
		{0E90277B-6151-553A-8545-EC7118E5E792}.Debug|Any CPU.Build.0 = Debug|Any CPU
		{0E90277B-6151-553A-8545-EC7118E5E792}.Debug|x64.ActiveCfg = Debug|Any CPU
		{0E90277B-6151-553A-8545-EC7118E5E792}.Debug|x64.Build.0 = Debug|Any CPU
		{0E90277B-6151-553A-8545-EC7118E5E792}.Debug|x86.ActiveCfg = Debug|Any CPU
		{0E90277B-6151-553A-8545-EC7118E5E792}.Debug|x86.Build.0 = Debug|Any CPU
		{0E90277B-6151-553A-8545-EC7118E5E792}.Release|Any CPU.ActiveCfg = Release|Any CPU
		{0E90277B-6151-553A-8545-EC7118E5E792}.Release|Any CPU.Build.0 = Release|Any CPU
		{0E90277B-6151-553A-8545-EC7118E5E792}.Release|x64.ActiveCfg = Release|Any CPU
		{0E90277B-6151-553A-8545-EC7118E5E792}.Release|x64.Build.0 = Release|Any CPU
		{0E90277B-6151-553A-8545-EC7118E5E792}.Release|x86.ActiveCfg = Release|Any CPU
		{0E90277B-6151-553A-8545-EC7118E5E792}.Release|x86.Build.0 = Release|Any CPU
		{88426C91-48C6-54DA-BB1B-16614E2998BB}.Debug|Any CPU.ActiveCfg = Debug|Any CPU
		{88426C91-48C6-54DA-BB1B-16614E2998BB}.Debug|Any CPU.Build.0 = Debug|Any CPU
		{88426C91-48C6-54DA-BB1B-16614E2998BB}.Debug|x64.ActiveCfg = Debug|Any CPU
		{88426C91-48C6-54DA-BB1B-16614E2998BB}.Debug|x64.Build.0 = Debug|Any CPU
		{88426C91-48C6-54DA-BB1B-16614E2998BB}.Debug|x86.ActiveCfg = Debug|Any CPU
		{88426C91-48C6-54DA-BB1B-16614E2998BB}.Debug|x86.Build.0 = Debug|Any CPU
		{88426C91-48C6-54DA-BB1B-16614E2998BB}.Release|Any CPU.ActiveCfg = Release|Any CPU
		{88426C91-48C6-54DA-BB1B-16614E2998BB}.Release|Any CPU.Build.0 = Release|Any CPU
		{88426C91-48C6-54DA-BB1B-16614E2998BB}.Release|x64.ActiveCfg = Release|Any CPU
		{88426C91-48C6-54DA-BB1B-16614E2998BB}.Release|x64.Build.0 = Release|Any CPU
		{88426C91-48C6-54DA-BB1B-16614E2998BB}.Release|x86.ActiveCfg = Release|Any CPU
		{88426C91-48C6-54DA-BB1B-16614E2998BB}.Release|x86.Build.0 = Release|Any CPU
		{44CF6D98-E7C8-5F9B-9054-90BC64FDC9F0}.Debug|Any CPU.ActiveCfg = Debug|Any CPU
		{44CF6D98-E7C8-5F9B-9054-90BC64FDC9F0}.Debug|Any CPU.Build.0 = Debug|Any CPU
		{44CF6D98-E7C8-5F9B-9054-90BC64FDC9F0}.Debug|x64.ActiveCfg = Debug|Any CPU
		{44CF6D98-E7C8-5F9B-9054-90BC64FDC9F0}.Debug|x64.Build.0 = Debug|Any CPU
		{44CF6D98-E7C8-5F9B-9054-90BC64FDC9F0}.Debug|x86.ActiveCfg = Debug|Any CPU
		{44CF6D98-E7C8-5F9B-9054-90BC64FDC9F0}.Debug|x86.Build.0 = Debug|Any CPU
		{44CF6D98-E7C8-5F9B-9054-90BC64FDC9F0}.Release|Any CPU.ActiveCfg = Release|Any CPU
		{44CF6D98-E7C8-5F9B-9054-90BC64FDC9F0}.Release|Any CPU.Build.0 = Release|Any CPU
		{44CF6D98-E7C8-5F9B-9054-90BC64FDC9F0}.Release|x64.ActiveCfg = Release|Any CPU
		{44CF6D98-E7C8-5F9B-9054-90BC64FDC9F0}.Release|x64.Build.0 = Release|Any CPU
		{44CF6D98-E7C8-5F9B-9054-90BC64FDC9F0}.Release|x86.ActiveCfg = Release|Any CPU
		{44CF6D98-E7C8-5F9B-9054-90BC64FDC9F0}.Release|x86.Build.0 = Release|Any CPU
		{4CF5F8B7-3B2A-5192-8876-3176C9EE85DA}.Debug|Any CPU.ActiveCfg = Debug|Any CPU
		{4CF5F8B7-3B2A-5192-8876-3176C9EE85DA}.Debug|Any CPU.Build.0 = Debug|Any CPU
		{4CF5F8B7-3B2A-5192-8876-3176C9EE85DA}.Debug|x64.ActiveCfg = Debug|Any CPU
		{4CF5F8B7-3B2A-5192-8876-3176C9EE85DA}.Debug|x64.Build.0 = Debug|Any CPU
		{4CF5F8B7-3B2A-5192-8876-3176C9EE85DA}.Debug|x86.ActiveCfg = Debug|Any CPU
		{4CF5F8B7-3B2A-5192-8876-3176C9EE85DA}.Debug|x86.Build.0 = Debug|Any CPU
		{4CF5F8B7-3B2A-5192-8876-3176C9EE85DA}.Release|Any CPU.ActiveCfg = Release|Any CPU
		{4CF5F8B7-3B2A-5192-8876-3176C9EE85DA}.Release|Any CPU.Build.0 = Release|Any CPU
		{4CF5F8B7-3B2A-5192-8876-3176C9EE85DA}.Release|x64.ActiveCfg = Release|Any CPU
		{4CF5F8B7-3B2A-5192-8876-3176C9EE85DA}.Release|x64.Build.0 = Release|Any CPU
		{4CF5F8B7-3B2A-5192-8876-3176C9EE85DA}.Release|x86.ActiveCfg = Release|Any CPU
		{4CF5F8B7-3B2A-5192-8876-3176C9EE85DA}.Release|x86.Build.0 = Release|Any CPU
		{2745F938-BBE7-5090-890A-E01DE84055EE}.Debug|Any CPU.ActiveCfg = Debug|Any CPU
		{2745F938-BBE7-5090-890A-E01DE84055EE}.Debug|Any CPU.Build.0 = Debug|Any CPU
		{2745F938-BBE7-5090-890A-E01DE84055EE}.Debug|x64.ActiveCfg = Debug|Any CPU
		{2745F938-BBE7-5090-890A-E01DE84055EE}.Debug|x64.Build.0 = Debug|Any CPU
		{2745F938-BBE7-5090-890A-E01DE84055EE}.Debug|x86.ActiveCfg = Debug|Any CPU
		{2745F938-BBE7-5090-890A-E01DE84055EE}.Debug|x86.Build.0 = Debug|Any CPU
		{2745F938-BBE7-5090-890A-E01DE84055EE}.Release|Any CPU.ActiveCfg = Release|Any CPU
		{2745F938-BBE7-5090-890A-E01DE84055EE}.Release|Any CPU.Build.0 = Release|Any CPU
		{2745F938-BBE7-5090-890A-E01DE84055EE}.Release|x64.ActiveCfg = Release|Any CPU
		{2745F938-BBE7-5090-890A-E01DE84055EE}.Release|x64.Build.0 = Release|Any CPU
		{2745F938-BBE7-5090-890A-E01DE84055EE}.Release|x86.ActiveCfg = Release|Any CPU
		{2745F938-BBE7-5090-890A-E01DE84055EE}.Release|x86.Build.0 = Release|Any CPU
		{3A5DCAFD-AE7E-5D0A-8042-FF3B160F59E4}.Debug|Any CPU.ActiveCfg = Debug|Any CPU
		{3A5DCAFD-AE7E-5D0A-8042-FF3B160F59E4}.Debug|Any CPU.Build.0 = Debug|Any CPU
		{3A5DCAFD-AE7E-5D0A-8042-FF3B160F59E4}.Debug|x64.ActiveCfg = Debug|Any CPU
		{3A5DCAFD-AE7E-5D0A-8042-FF3B160F59E4}.Debug|x64.Build.0 = Debug|Any CPU
		{3A5DCAFD-AE7E-5D0A-8042-FF3B160F59E4}.Debug|x86.ActiveCfg = Debug|Any CPU
		{3A5DCAFD-AE7E-5D0A-8042-FF3B160F59E4}.Debug|x86.Build.0 = Debug|Any CPU
		{3A5DCAFD-AE7E-5D0A-8042-FF3B160F59E4}.Release|Any CPU.ActiveCfg = Release|Any CPU
		{3A5DCAFD-AE7E-5D0A-8042-FF3B160F59E4}.Release|Any CPU.Build.0 = Release|Any CPU
		{3A5DCAFD-AE7E-5D0A-8042-FF3B160F59E4}.Release|x64.ActiveCfg = Release|Any CPU
		{3A5DCAFD-AE7E-5D0A-8042-FF3B160F59E4}.Release|x64.Build.0 = Release|Any CPU
		{3A5DCAFD-AE7E-5D0A-8042-FF3B160F59E4}.Release|x86.ActiveCfg = Release|Any CPU
		{3A5DCAFD-AE7E-5D0A-8042-FF3B160F59E4}.Release|x86.Build.0 = Release|Any CPU
		{9C7AD5BD-1B60-5145-8207-19D4FBBA792B}.Debug|Any CPU.ActiveCfg = Debug|Any CPU
		{9C7AD5BD-1B60-5145-8207-19D4FBBA792B}.Debug|Any CPU.Build.0 = Debug|Any CPU
		{9C7AD5BD-1B60-5145-8207-19D4FBBA792B}.Debug|x64.ActiveCfg = Debug|Any CPU
		{9C7AD5BD-1B60-5145-8207-19D4FBBA792B}.Debug|x64.Build.0 = Debug|Any CPU
		{9C7AD5BD-1B60-5145-8207-19D4FBBA792B}.Debug|x86.ActiveCfg = Debug|Any CPU
		{9C7AD5BD-1B60-5145-8207-19D4FBBA792B}.Debug|x86.Build.0 = Debug|Any CPU
		{9C7AD5BD-1B60-5145-8207-19D4FBBA792B}.Release|Any CPU.ActiveCfg = Release|Any CPU
		{9C7AD5BD-1B60-5145-8207-19D4FBBA792B}.Release|Any CPU.Build.0 = Release|Any CPU
		{9C7AD5BD-1B60-5145-8207-19D4FBBA792B}.Release|x64.ActiveCfg = Release|Any CPU
		{9C7AD5BD-1B60-5145-8207-19D4FBBA792B}.Release|x64.Build.0 = Release|Any CPU
		{9C7AD5BD-1B60-5145-8207-19D4FBBA792B}.Release|x86.ActiveCfg = Release|Any CPU
		{9C7AD5BD-1B60-5145-8207-19D4FBBA792B}.Release|x86.Build.0 = Release|Any CPU
		{63C460A0-4630-5129-AC6D-1393C69411C0}.Debug|Any CPU.ActiveCfg = Debug|Any CPU
		{63C460A0-4630-5129-AC6D-1393C69411C0}.Debug|Any CPU.Build.0 = Debug|Any CPU
		{63C460A0-4630-5129-AC6D-1393C69411C0}.Debug|x64.ActiveCfg = Debug|Any CPU
		{63C460A0-4630-5129-AC6D-1393C69411C0}.Debug|x64.Build.0 = Debug|Any CPU
		{63C460A0-4630-5129-AC6D-1393C69411C0}.Debug|x86.ActiveCfg = Debug|Any CPU
		{63C460A0-4630-5129-AC6D-1393C69411C0}.Debug|x86.Build.0 = Debug|Any CPU
		{63C460A0-4630-5129-AC6D-1393C69411C0}.Release|Any CPU.ActiveCfg = Release|Any CPU
		{63C460A0-4630-5129-AC6D-1393C69411C0}.Release|Any CPU.Build.0 = Release|Any CPU
		{63C460A0-4630-5129-AC6D-1393C69411C0}.Release|x64.ActiveCfg = Release|Any CPU
		{63C460A0-4630-5129-AC6D-1393C69411C0}.Release|x64.Build.0 = Release|Any CPU
		{63C460A0-4630-5129-AC6D-1393C69411C0}.Release|x86.ActiveCfg = Release|Any CPU
		{63C460A0-4630-5129-AC6D-1393C69411C0}.Release|x86.Build.0 = Release|Any CPU
		{258E09CB-65FA-51D2-991C-A579CCD19DCE}.Debug|Any CPU.ActiveCfg = Debug|Any CPU
		{258E09CB-65FA-51D2-991C-A579CCD19DCE}.Debug|Any CPU.Build.0 = Debug|Any CPU
		{258E09CB-65FA-51D2-991C-A579CCD19DCE}.Debug|x64.ActiveCfg = Debug|Any CPU
		{258E09CB-65FA-51D2-991C-A579CCD19DCE}.Debug|x64.Build.0 = Debug|Any CPU
		{258E09CB-65FA-51D2-991C-A579CCD19DCE}.Debug|x86.ActiveCfg = Debug|Any CPU
		{258E09CB-65FA-51D2-991C-A579CCD19DCE}.Debug|x86.Build.0 = Debug|Any CPU
		{258E09CB-65FA-51D2-991C-A579CCD19DCE}.Release|Any CPU.ActiveCfg = Release|Any CPU
		{258E09CB-65FA-51D2-991C-A579CCD19DCE}.Release|Any CPU.Build.0 = Release|Any CPU
		{258E09CB-65FA-51D2-991C-A579CCD19DCE}.Release|x64.ActiveCfg = Release|Any CPU
		{258E09CB-65FA-51D2-991C-A579CCD19DCE}.Release|x64.Build.0 = Release|Any CPU
		{258E09CB-65FA-51D2-991C-A579CCD19DCE}.Release|x86.ActiveCfg = Release|Any CPU
		{258E09CB-65FA-51D2-991C-A579CCD19DCE}.Release|x86.Build.0 = Release|Any CPU
		{5DF2AD78-9BEC-5D35-B17A-7C7C928AACCB}.Debug|Any CPU.ActiveCfg = Debug|Any CPU
		{5DF2AD78-9BEC-5D35-B17A-7C7C928AACCB}.Debug|Any CPU.Build.0 = Debug|Any CPU
		{5DF2AD78-9BEC-5D35-B17A-7C7C928AACCB}.Debug|x64.ActiveCfg = Debug|Any CPU
		{5DF2AD78-9BEC-5D35-B17A-7C7C928AACCB}.Debug|x64.Build.0 = Debug|Any CPU
		{5DF2AD78-9BEC-5D35-B17A-7C7C928AACCB}.Debug|x86.ActiveCfg = Debug|Any CPU
		{5DF2AD78-9BEC-5D35-B17A-7C7C928AACCB}.Debug|x86.Build.0 = Debug|Any CPU
		{5DF2AD78-9BEC-5D35-B17A-7C7C928AACCB}.Release|Any CPU.ActiveCfg = Release|Any CPU
		{5DF2AD78-9BEC-5D35-B17A-7C7C928AACCB}.Release|Any CPU.Build.0 = Release|Any CPU
		{5DF2AD78-9BEC-5D35-B17A-7C7C928AACCB}.Release|x64.ActiveCfg = Release|Any CPU
		{5DF2AD78-9BEC-5D35-B17A-7C7C928AACCB}.Release|x64.Build.0 = Release|Any CPU
		{5DF2AD78-9BEC-5D35-B17A-7C7C928AACCB}.Release|x86.ActiveCfg = Release|Any CPU
		{5DF2AD78-9BEC-5D35-B17A-7C7C928AACCB}.Release|x86.Build.0 = Release|Any CPU
	EndGlobalSection
	GlobalSection(SolutionProperties) = preSolution
		HideSolutionNode = FALSE
	EndGlobalSection
	GlobalSection(NestedProjects) = preSolution
		{8D626EA8-CB54-BC41-363A-217881BEBA6E} = {827E0CD3-B72D-47B6-A68D-7590B98EB39B}
		{DB7904B5-2CD1-494F-A03E-87466B449328} = {8D626EA8-CB54-BC41-363A-217881BEBA6E}
		{09108480-725A-3CF3-E626-E2F33F0A58E4} = {827E0CD3-B72D-47B6-A68D-7590B98EB39B}
		{259DBA36-9C1B-4164-AB04-A29EFE6B4064} = {09108480-725A-3CF3-E626-E2F33F0A58E4}
		{F0F2659A-EDAE-468E-BD60-6BEE2FF9E34D} = {09108480-725A-3CF3-E626-E2F33F0A58E4}
		{F3244B3D-53C5-18F9-F232-08909C1DCBB5} = {827E0CD3-B72D-47B6-A68D-7590B98EB39B}
		{8B0B34FC-FFE3-4119-A032-C51CBDD6D6BF} = {F3244B3D-53C5-18F9-F232-08909C1DCBB5}
		{1A1D8619-8623-492F-B5B3-E4CBD9969360} = {F3244B3D-53C5-18F9-F232-08909C1DCBB5}
		{AF6E0738-7324-4CA0-807A-A8E4564564EA} = {F3244B3D-53C5-18F9-F232-08909C1DCBB5}
		{AFBB8E14-C35E-44DF-B1ED-A14C4548E661} = {09108480-725A-3CF3-E626-E2F33F0A58E4}
		{A428412B-FB17-476D-AA80-632FD34A213E} = {09108480-725A-3CF3-E626-E2F33F0A58E4}
		{03681B30-CA6D-493D-8319-76E6C4DFB061} = {09108480-725A-3CF3-E626-E2F33F0A58E4}
		{2DE0B4C6-0DBD-4BF3-A3DD-36F40FC55794} = {09108480-725A-3CF3-E626-E2F33F0A58E4}
		{5038D932-BCD0-43E3-ADCB-1DCA137E4CF8} = {F3244B3D-53C5-18F9-F232-08909C1DCBB5}
		{4C179833-8256-44F1-9D8E-E4479FAF70B0} = {F3244B3D-53C5-18F9-F232-08909C1DCBB5}
		{694B6EA7-155D-4BB4-A538-2D1C5AC0F980} = {F3244B3D-53C5-18F9-F232-08909C1DCBB5}
		{2870A75E-A9BB-45E0-97C4-2F8415800FF5} = {F3244B3D-53C5-18F9-F232-08909C1DCBB5}
		{D880DB3B-AE14-4B21-AA91-3F56DD30334D} = {0AB3BF05-4346-4AA6-1389-037BE0695223}
		{846705A6-0ADE-438E-A9E1-0BB6B26519EC} = {09108480-725A-3CF3-E626-E2F33F0A58E4}
		{130A8BFB-4A9D-4934-9E59-C4CAF4FE0C7E} = {09108480-725A-3CF3-E626-E2F33F0A58E4}
		{02D52813-5D6D-4F24-B84B-8DFCAC2F7597} = {09108480-725A-3CF3-E626-E2F33F0A58E4}
		{7D8B790D-6AA3-4B4B-9EFC-B84E25AD1557} = {F3244B3D-53C5-18F9-F232-08909C1DCBB5}
		{2B9AAC2F-DAA7-4E6D-BA2C-3CF664B5180F} = {F3244B3D-53C5-18F9-F232-08909C1DCBB5}
		{32FE591E-5F6E-4AF1-8047-B96C660C5127} = {F3244B3D-53C5-18F9-F232-08909C1DCBB5}
		{3C5CA4A2-BDEE-4B79-A6D9-3970CCE13655} = {F3244B3D-53C5-18F9-F232-08909C1DCBB5}
		{2745F938-BBE7-5090-890A-E01DE84055EE} = {F3244B3D-53C5-18F9-F232-08909C1DCBB5}
		{22F2BC40-58B5-525D-AE5F-EDBEB8A308B0} = {F3244B3D-53C5-18F9-F232-08909C1DCBB5}
		{2CBEB9DE-86BE-550E-9F34-E9F2085C9442} = {F3244B3D-53C5-18F9-F232-08909C1DCBB5}
		{6D26442D-494F-59B5-8F2D-2A72454A8C6B} = {F3244B3D-53C5-18F9-F232-08909C1DCBB5}
		{CC071E59-B7E1-5ED0-BD84-E7AFFCCFF898} = {F3244B3D-53C5-18F9-F232-08909C1DCBB5}
		{C90DFB01-E81A-586B-B516-A9410C120B8A} = {F3244B3D-53C5-18F9-F232-08909C1DCBB5}
		{9C7AD5BD-1B60-5145-8207-19D4FBBA792B} = {F3244B3D-53C5-18F9-F232-08909C1DCBB5}
		{3A5DCAFD-AE7E-5D0A-8042-FF3B160F59E4} = {F3244B3D-53C5-18F9-F232-08909C1DCBB5}
		{0E90277B-6151-553A-8545-EC7118E5E792} = {F3244B3D-53C5-18F9-F232-08909C1DCBB5}
		{63C460A0-4630-5129-AC6D-1393C69411C0} = {F3244B3D-53C5-18F9-F232-08909C1DCBB5}
		{5DF2AD78-9BEC-5D35-B17A-7C7C928AACCB} = {F3244B3D-53C5-18F9-F232-08909C1DCBB5}
		{94887A68-BD67-5D7A-82F4-FE8A1AE21BB3} = {F3244B3D-53C5-18F9-F232-08909C1DCBB5}
		{88426C91-48C6-54DA-BB1B-16614E2998BB} = {F3244B3D-53C5-18F9-F232-08909C1DCBB5}
		{44CF6D98-E7C8-5F9B-9054-90BC64FDC9F0} = {F3244B3D-53C5-18F9-F232-08909C1DCBB5}
		{BA56E42F-28B7-5A1E-92C3-5AF16882145E} = {F3244B3D-53C5-18F9-F232-08909C1DCBB5}
		{4CF5F8B7-3B2A-5192-8876-3176C9EE85DA} = {F3244B3D-53C5-18F9-F232-08909C1DCBB5}
		{258E09CB-65FA-51D2-991C-A579CCD19DCE} = {F3244B3D-53C5-18F9-F232-08909C1DCBB5}
		{C6AF8FFD-645E-57B4-BE9C-F5C423D300A5} = {F3244B3D-53C5-18F9-F232-08909C1DCBB5}
		{F510ADFA-6846-439E-84C6-045D57659324} = {F3244B3D-53C5-18F9-F232-08909C1DCBB5}
		{25844C57-4144-40AE-8085-C62168EF5F8F} = {F3244B3D-53C5-18F9-F232-08909C1DCBB5}
		{BC30833F-B7D9-425F-B10F-E0D44ED455E1} = {F3244B3D-53C5-18F9-F232-08909C1DCBB5}
	EndGlobalSection
EndGlobal
